// !$*UTF8*$!
{
	archiveVersion = 1;
	classes = {
	};
	objectVersion = 50;
	objects = {

/* Begin PBXBuildFile section */
		B20C5A1924BEF90300096E3F /* ContactDetailsTableViewController.swift in Sources */ = {isa = PBXBuildFile; fileRef = B20C5A1824BEF90300096E3F /* ContactDetailsTableViewController.swift */; };
		B20C5A1B24BF2D3100096E3F /* CustomTextField.swift in Sources */ = {isa = PBXBuildFile; fileRef = B20C5A1A24BF2D3100096E3F /* CustomTextField.swift */; };
		B20C5A1D24BF2FD900096E3F /* CustomImageView.swift in Sources */ = {isa = PBXBuildFile; fileRef = B20C5A1C24BF2FD900096E3F /* CustomImageView.swift */; };
		B260C4F824BEA3410070E519 /* ContactDetailsViewModel.swift in Sources */ = {isa = PBXBuildFile; fileRef = B260C4F724BEA3410070E519 /* ContactDetailsViewModel.swift */; };
		B29455BD24BC89A2001E5AA8 /* AppDelegate.swift in Sources */ = {isa = PBXBuildFile; fileRef = B29455BC24BC89A2001E5AA8 /* AppDelegate.swift */; };
		B29455BF24BC89A2001E5AA8 /* SceneDelegate.swift in Sources */ = {isa = PBXBuildFile; fileRef = B29455BE24BC89A2001E5AA8 /* SceneDelegate.swift */; };
		B29455C124BC89A2001E5AA8 /* ContactsViewController.swift in Sources */ = {isa = PBXBuildFile; fileRef = B29455C024BC89A2001E5AA8 /* ContactsViewController.swift */; };
		B29455C424BC89A2001E5AA8 /* Main.storyboard in Resources */ = {isa = PBXBuildFile; fileRef = B29455C224BC89A2001E5AA8 /* Main.storyboard */; };
		B29455C624BC89A3001E5AA8 /* Assets.xcassets in Resources */ = {isa = PBXBuildFile; fileRef = B29455C524BC89A3001E5AA8 /* Assets.xcassets */; };
		B29455C924BC89A3001E5AA8 /* LaunchScreen.storyboard in Resources */ = {isa = PBXBuildFile; fileRef = B29455C724BC89A3001E5AA8 /* LaunchScreen.storyboard */; };
		B29455D124BC8B6E001E5AA8 /* data.json in Resources */ = {isa = PBXBuildFile; fileRef = B29455D024BC8B6E001E5AA8 /* data.json */; };
		B29455D624BC9220001E5AA8 /* ContactModel.swift in Sources */ = {isa = PBXBuildFile; fileRef = B29455D524BC9220001E5AA8 /* ContactModel.swift */; };
		B29455D824BC9362001E5AA8 /* ContactViewModel.swift in Sources */ = {isa = PBXBuildFile; fileRef = B29455D724BC9362001E5AA8 /* ContactViewModel.swift */; };
		B29455DA24BC973A001E5AA8 /* APIService.swift in Sources */ = {isa = PBXBuildFile; fileRef = B29455D924BC973A001E5AA8 /* APIService.swift */; };
		B29455DC24BCA350001E5AA8 /* ContactTableViewCell.swift in Sources */ = {isa = PBXBuildFile; fileRef = B29455DB24BCA34F001E5AA8 /* ContactTableViewCell.swift */; };
		B29455DF24BCAD3F001E5AA8 /* UIColor+Extension.swift in Sources */ = {isa = PBXBuildFile; fileRef = B29455DE24BCAD3F001E5AA8 /* UIColor+Extension.swift */; };
/* End PBXBuildFile section */

/* Begin PBXFileReference section */
		B20C5A1824BEF90300096E3F /* ContactDetailsTableViewController.swift */ = {isa = PBXFileReference; lastKnownFileType = sourcecode.swift; path = ContactDetailsTableViewController.swift; sourceTree = "<group>"; };
		B20C5A1A24BF2D3100096E3F /* CustomTextField.swift */ = {isa = PBXFileReference; lastKnownFileType = sourcecode.swift; path = CustomTextField.swift; sourceTree = "<group>"; };
		B20C5A1C24BF2FD900096E3F /* CustomImageView.swift */ = {isa = PBXFileReference; lastKnownFileType = sourcecode.swift; path = CustomImageView.swift; sourceTree = "<group>"; };
		B260C4F724BEA3410070E519 /* ContactDetailsViewModel.swift */ = {isa = PBXFileReference; lastKnownFileType = sourcecode.swift; path = ContactDetailsViewModel.swift; sourceTree = "<group>"; };
		B29455B924BC89A2001E5AA8 /* Contact Listing.app */ = {isa = PBXFileReference; explicitFileType = wrapper.application; includeInIndex = 0; path = "Contact Listing.app"; sourceTree = BUILT_PRODUCTS_DIR; };
		B29455BC24BC89A2001E5AA8 /* AppDelegate.swift */ = {isa = PBXFileReference; lastKnownFileType = sourcecode.swift; path = AppDelegate.swift; sourceTree = "<group>"; };
		B29455BE24BC89A2001E5AA8 /* SceneDelegate.swift */ = {isa = PBXFileReference; lastKnownFileType = sourcecode.swift; path = SceneDelegate.swift; sourceTree = "<group>"; };
		B29455C024BC89A2001E5AA8 /* ContactsViewController.swift */ = {isa = PBXFileReference; lastKnownFileType = sourcecode.swift; path = ContactsViewController.swift; sourceTree = "<group>"; };
		B29455C324BC89A2001E5AA8 /* Base */ = {isa = PBXFileReference; lastKnownFileType = file.storyboard; name = Base; path = Base.lproj/Main.storyboard; sourceTree = "<group>"; };
		B29455C524BC89A3001E5AA8 /* Assets.xcassets */ = {isa = PBXFileReference; lastKnownFileType = folder.assetcatalog; path = Assets.xcassets; sourceTree = "<group>"; };
		B29455C824BC89A3001E5AA8 /* Base */ = {isa = PBXFileReference; lastKnownFileType = file.storyboard; name = Base; path = Base.lproj/LaunchScreen.storyboard; sourceTree = "<group>"; };
		B29455CA24BC89A3001E5AA8 /* Info.plist */ = {isa = PBXFileReference; lastKnownFileType = text.plist.xml; path = Info.plist; sourceTree = "<group>"; };
		B29455D024BC8B6E001E5AA8 /* data.json */ = {isa = PBXFileReference; fileEncoding = 4; lastKnownFileType = text.json; path = data.json; sourceTree = "<group>"; };
		B29455D524BC9220001E5AA8 /* ContactModel.swift */ = {isa = PBXFileReference; lastKnownFileType = sourcecode.swift; path = ContactModel.swift; sourceTree = "<group>"; };
		B29455D724BC9362001E5AA8 /* ContactViewModel.swift */ = {isa = PBXFileReference; lastKnownFileType = sourcecode.swift; path = ContactViewModel.swift; sourceTree = "<group>"; };
		B29455D924BC973A001E5AA8 /* APIService.swift */ = {isa = PBXFileReference; lastKnownFileType = sourcecode.swift; path = APIService.swift; sourceTree = "<group>"; };
		B29455DB24BCA34F001E5AA8 /* ContactTableViewCell.swift */ = {isa = PBXFileReference; lastKnownFileType = sourcecode.swift; path = ContactTableViewCell.swift; sourceTree = "<group>"; };
		B29455DE24BCAD3F001E5AA8 /* UIColor+Extension.swift */ = {isa = PBXFileReference; lastKnownFileType = sourcecode.swift; path = "UIColor+Extension.swift"; sourceTree = "<group>"; };
/* End PBXFileReference section */

/* Begin PBXFrameworksBuildPhase section */
		B29455B624BC89A2001E5AA8 /* Frameworks */ = {
			isa = PBXFrameworksBuildPhase;
			buildActionMask = 2147483647;
			files = (
			);
			runOnlyForDeploymentPostprocessing = 0;
		};
/* End PBXFrameworksBuildPhase section */

/* Begin PBXGroup section */
		B29455B024BC89A1001E5AA8 = {
			isa = PBXGroup;
			children = (
				B29455BB24BC89A2001E5AA8 /* Contact Listing */,
				B29455BA24BC89A2001E5AA8 /* Products */,
			);
			sourceTree = "<group>";
		};
		B29455BA24BC89A2001E5AA8 /* Products */ = {
			isa = PBXGroup;
			children = (
				B29455B924BC89A2001E5AA8 /* Contact Listing.app */,
			);
			name = Products;
			sourceTree = "<group>";
		};
		B29455BB24BC89A2001E5AA8 /* Contact Listing */ = {
			isa = PBXGroup;
			children = (
				B29455D224BC91E8001E5AA8 /* Model */,
				B29455D424BC91FD001E5AA8 /* View */,
				B29455D324BC91EE001E5AA8 /* ViewModel */,
				B29455DD24BCAD27001E5AA8 /* Utils */,
				B29455D024BC8B6E001E5AA8 /* data.json */,
				B29455D924BC973A001E5AA8 /* APIService.swift */,
				B29455BC24BC89A2001E5AA8 /* AppDelegate.swift */,
				B29455BE24BC89A2001E5AA8 /* SceneDelegate.swift */,
				B29455C224BC89A2001E5AA8 /* Main.storyboard */,
				B29455C524BC89A3001E5AA8 /* Assets.xcassets */,
				B29455C724BC89A3001E5AA8 /* LaunchScreen.storyboard */,
				B29455CA24BC89A3001E5AA8 /* Info.plist */,
			);
			path = "Contact Listing";
			sourceTree = "<group>";
		};
		B29455D224BC91E8001E5AA8 /* Model */ = {
			isa = PBXGroup;
			children = (
				B29455D524BC9220001E5AA8 /* ContactModel.swift */,
			);
			path = Model;
			sourceTree = "<group>";
		};
		B29455D324BC91EE001E5AA8 /* ViewModel */ = {
			isa = PBXGroup;
			children = (
				B29455D724BC9362001E5AA8 /* ContactViewModel.swift */,
				B260C4F724BEA3410070E519 /* ContactDetailsViewModel.swift */,
			);
			path = ViewModel;
			sourceTree = "<group>";
		};
		B29455D424BC91FD001E5AA8 /* View */ = {
			isa = PBXGroup;
			children = (
				B29455C024BC89A2001E5AA8 /* ContactsViewController.swift */,
				B20C5A1824BEF90300096E3F /* ContactDetailsTableViewController.swift */,
				B29455DB24BCA34F001E5AA8 /* ContactTableViewCell.swift */,
			);
			path = View;
			sourceTree = "<group>";
		};
		B29455DD24BCAD27001E5AA8 /* Utils */ = {
			isa = PBXGroup;
			children = (
				B29455DE24BCAD3F001E5AA8 /* UIColor+Extension.swift */,
				B20C5A1C24BF2FD900096E3F /* CustomImageView.swift */,
				B20C5A1A24BF2D3100096E3F /* CustomTextField.swift */,
			);
			path = Utils;
			sourceTree = "<group>";
		};
/* End PBXGroup section */

/* Begin PBXNativeTarget section */
		B29455B824BC89A2001E5AA8 /* Contact Listing */ = {
			isa = PBXNativeTarget;
			buildConfigurationList = B29455CD24BC89A3001E5AA8 /* Build configuration list for PBXNativeTarget "Contact Listing" */;
			buildPhases = (
				B29455B524BC89A2001E5AA8 /* Sources */,
				B29455B624BC89A2001E5AA8 /* Frameworks */,
				B29455B724BC89A2001E5AA8 /* Resources */,
			);
			buildRules = (
			);
			dependencies = (
			);
			name = "Contact Listing";
			productName = "Contact Listing";
			productReference = B29455B924BC89A2001E5AA8 /* Contact Listing.app */;
			productType = "com.apple.product-type.application";
		};
/* End PBXNativeTarget section */

/* Begin PBXProject section */
		B29455B124BC89A1001E5AA8 /* Project object */ = {
			isa = PBXProject;
			attributes = {
				LastSwiftUpdateCheck = 1140;
				LastUpgradeCheck = 1140;
				ORGANIZATIONNAME = "Sherynn Tam";
				TargetAttributes = {
					B29455B824BC89A2001E5AA8 = {
						CreatedOnToolsVersion = 11.4.1;
					};
				};
			};
			buildConfigurationList = B29455B424BC89A1001E5AA8 /* Build configuration list for PBXProject "Contact Listing" */;
			compatibilityVersion = "Xcode 9.3";
			developmentRegion = en;
			hasScannedForEncodings = 0;
			knownRegions = (
				en,
				Base,
			);
			mainGroup = B29455B024BC89A1001E5AA8;
			productRefGroup = B29455BA24BC89A2001E5AA8 /* Products */;
			projectDirPath = "";
			projectRoot = "";
			targets = (
				B29455B824BC89A2001E5AA8 /* Contact Listing */,
			);
		};
/* End PBXProject section */

/* Begin PBXResourcesBuildPhase section */
		B29455B724BC89A2001E5AA8 /* Resources */ = {
			isa = PBXResourcesBuildPhase;
			buildActionMask = 2147483647;
			files = (
				B29455C924BC89A3001E5AA8 /* LaunchScreen.storyboard in Resources */,
				B29455C624BC89A3001E5AA8 /* Assets.xcassets in Resources */,
				B29455C424BC89A2001E5AA8 /* Main.storyboard in Resources */,
				B29455D124BC8B6E001E5AA8 /* data.json in Resources */,
			);
			runOnlyForDeploymentPostprocessing = 0;
		};
/* End PBXResourcesBuildPhase section */

/* Begin PBXSourcesBuildPhase section */
		B29455B524BC89A2001E5AA8 /* Sources */ = {
			isa = PBXSourcesBuildPhase;
			buildActionMask = 2147483647;
			files = (
				B29455C124BC89A2001E5AA8 /* ContactsViewController.swift in Sources */,
				B29455BD24BC89A2001E5AA8 /* AppDelegate.swift in Sources */,
				B260C4F824BEA3410070E519 /* ContactDetailsViewModel.swift in Sources */,
				B20C5A1D24BF2FD900096E3F /* CustomImageView.swift in Sources */,
				B29455D824BC9362001E5AA8 /* ContactViewModel.swift in Sources */,
				B29455D624BC9220001E5AA8 /* ContactModel.swift in Sources */,
				B29455DA24BC973A001E5AA8 /* APIService.swift in Sources */,
				B29455DC24BCA350001E5AA8 /* ContactTableViewCell.swift in Sources */,
				B29455BF24BC89A2001E5AA8 /* SceneDelegate.swift in Sources */,
				B20C5A1B24BF2D3100096E3F /* CustomTextField.swift in Sources */,
				B29455DF24BCAD3F001E5AA8 /* UIColor+Extension.swift in Sources */,
				B20C5A1924BEF90300096E3F /* ContactDetailsTableViewController.swift in Sources */,
			);
			runOnlyForDeploymentPostprocessing = 0;
		};
/* End PBXSourcesBuildPhase section */

/* Begin PBXVariantGroup section */
		B29455C224BC89A2001E5AA8 /* Main.storyboard */ = {
			isa = PBXVariantGroup;
			children = (
				B29455C324BC89A2001E5AA8 /* Base */,
			);
			name = Main.storyboard;
			sourceTree = "<group>";
		};
		B29455C724BC89A3001E5AA8 /* LaunchScreen.storyboard */ = {
			isa = PBXVariantGroup;
			children = (
				B29455C824BC89A3001E5AA8 /* Base */,
			);
			name = LaunchScreen.storyboard;
			sourceTree = "<group>";
		};
/* End PBXVariantGroup section */

/* Begin XCBuildConfiguration section */
		B29455CB24BC89A3001E5AA8 /* Debug */ = {
			isa = XCBuildConfiguration;
			buildSettings = {
				ALWAYS_SEARCH_USER_PATHS = NO;
				CLANG_ANALYZER_NONNULL = YES;
				CLANG_ANALYZER_NUMBER_OBJECT_CONVERSION = YES_AGGRESSIVE;
				CLANG_CXX_LANGUAGE_STANDARD = "gnu++14";
				CLANG_CXX_LIBRARY = "libc++";
				CLANG_ENABLE_MODULES = YES;
				CLANG_ENABLE_OBJC_ARC = YES;
				CLANG_ENABLE_OBJC_WEAK = YES;
				CLANG_WARN_BLOCK_CAPTURE_AUTORELEASING = YES;
				CLANG_WARN_BOOL_CONVERSION = YES;
				CLANG_WARN_COMMA = YES;
				CLANG_WARN_CONSTANT_CONVERSION = YES;
				CLANG_WARN_DEPRECATED_OBJC_IMPLEMENTATIONS = YES;
				CLANG_WARN_DIRECT_OBJC_ISA_USAGE = YES_ERROR;
				CLANG_WARN_DOCUMENTATION_COMMENTS = YES;
				CLANG_WARN_EMPTY_BODY = YES;
				CLANG_WARN_ENUM_CONVERSION = YES;
				CLANG_WARN_INFINITE_RECURSION = YES;
				CLANG_WARN_INT_CONVERSION = YES;
				CLANG_WARN_NON_LITERAL_NULL_CONVERSION = YES;
				CLANG_WARN_OBJC_IMPLICIT_RETAIN_SELF = YES;
				CLANG_WARN_OBJC_LITERAL_CONVERSION = YES;
				CLANG_WARN_OBJC_ROOT_CLASS = YES_ERROR;
				CLANG_WARN_RANGE_LOOP_ANALYSIS = YES;
				CLANG_WARN_STRICT_PROTOTYPES = YES;
				CLANG_WARN_SUSPICIOUS_MOVE = YES;
				CLANG_WARN_UNGUARDED_AVAILABILITY = YES_AGGRESSIVE;
				CLANG_WARN_UNREACHABLE_CODE = YES;
				CLANG_WARN__DUPLICATE_METHOD_MATCH = YES;
				COPY_PHASE_STRIP = NO;
				DEBUG_INFORMATION_FORMAT = dwarf;
				ENABLE_STRICT_OBJC_MSGSEND = YES;
				ENABLE_TESTABILITY = YES;
				GCC_C_LANGUAGE_STANDARD = gnu11;
				GCC_DYNAMIC_NO_PIC = NO;
				GCC_NO_COMMON_BLOCKS = YES;
				GCC_OPTIMIZATION_LEVEL = 0;
				GCC_PREPROCESSOR_DEFINITIONS = (
					"DEBUG=1",
					"$(inherited)",
				);
				GCC_WARN_64_TO_32_BIT_CONVERSION = YES;
				GCC_WARN_ABOUT_RETURN_TYPE = YES_ERROR;
				GCC_WARN_UNDECLARED_SELECTOR = YES;
				GCC_WARN_UNINITIALIZED_AUTOS = YES_AGGRESSIVE;
				GCC_WARN_UNUSED_FUNCTION = YES;
				GCC_WARN_UNUSED_VARIABLE = YES;
				IPHONEOS_DEPLOYMENT_TARGET = 13.4;
				MTL_ENABLE_DEBUG_INFO = INCLUDE_SOURCE;
				MTL_FAST_MATH = YES;
				ONLY_ACTIVE_ARCH = YES;
				SDKROOT = iphoneos;
				SWIFT_ACTIVE_COMPILATION_CONDITIONS = DEBUG;
				SWIFT_OPTIMIZATION_LEVEL = "-Onone";
			};
			name = Debug;
		};
		B29455CC24BC89A3001E5AA8 /* Release */ = {
			isa = XCBuildConfiguration;
			buildSettings = {
				ALWAYS_SEARCH_USER_PATHS = NO;
				CLANG_ANALYZER_NONNULL = YES;
				CLANG_ANALYZER_NUMBER_OBJECT_CONVERSION = YES_AGGRESSIVE;
				CLANG_CXX_LANGUAGE_STANDARD = "gnu++14";
				CLANG_CXX_LIBRARY = "libc++";
				CLANG_ENABLE_MODULES = YES;
				CLANG_ENABLE_OBJC_ARC = YES;
				CLANG_ENABLE_OBJC_WEAK = YES;
				CLANG_WARN_BLOCK_CAPTURE_AUTORELEASING = YES;
				CLANG_WARN_BOOL_CONVERSION = YES;
				CLANG_WARN_COMMA = YES;
				CLANG_WARN_CONSTANT_CONVERSION = YES;
				CLANG_WARN_DEPRECATED_OBJC_IMPLEMENTATIONS = YES;
				CLANG_WARN_DIRECT_OBJC_ISA_USAGE = YES_ERROR;
				CLANG_WARN_DOCUMENTATION_COMMENTS = YES;
				CLANG_WARN_EMPTY_BODY = YES;
				CLANG_WARN_ENUM_CONVERSION = YES;
				CLANG_WARN_INFINITE_RECURSION = YES;
				CLANG_WARN_INT_CONVERSION = YES;
				CLANG_WARN_NON_LITERAL_NULL_CONVERSION = YES;
				CLANG_WARN_OBJC_IMPLICIT_RETAIN_SELF = YES;
				CLANG_WARN_OBJC_LITERAL_CONVERSION = YES;
				CLANG_WARN_OBJC_ROOT_CLASS = YES_ERROR;
				CLANG_WARN_RANGE_LOOP_ANALYSIS = YES;
				CLANG_WARN_STRICT_PROTOTYPES = YES;
				CLANG_WARN_SUSPICIOUS_MOVE = YES;
				CLANG_WARN_UNGUARDED_AVAILABILITY = YES_AGGRESSIVE;
				CLANG_WARN_UNREACHABLE_CODE = YES;
				CLANG_WARN__DUPLICATE_METHOD_MATCH = YES;
				COPY_PHASE_STRIP = NO;
				DEBUG_INFORMATION_FORMAT = "dwarf-with-dsym";
				ENABLE_NS_ASSERTIONS = NO;
				ENABLE_STRICT_OBJC_MSGSEND = YES;
				GCC_C_LANGUAGE_STANDARD = gnu11;
				GCC_NO_COMMON_BLOCKS = YES;
				GCC_WARN_64_TO_32_BIT_CONVERSION = YES;
				GCC_WARN_ABOUT_RETURN_TYPE = YES_ERROR;
				GCC_WARN_UNDECLARED_SELECTOR = YES;
				GCC_WARN_UNINITIALIZED_AUTOS = YES_AGGRESSIVE;
				GCC_WARN_UNUSED_FUNCTION = YES;
				GCC_WARN_UNUSED_VARIABLE = YES;
				IPHONEOS_DEPLOYMENT_TARGET = 13.4;
				MTL_ENABLE_DEBUG_INFO = NO;
				MTL_FAST_MATH = YES;
				SDKROOT = iphoneos;
				SWIFT_COMPILATION_MODE = wholemodule;
				SWIFT_OPTIMIZATION_LEVEL = "-O";
				VALIDATE_PRODUCT = YES;
			};
			name = Release;
		};
		B29455CE24BC89A3001E5AA8 /* Debug */ = {
			isa = XCBuildConfiguration;
			buildSettings = {
				ASSETCATALOG_COMPILER_APPICON_NAME = AppIcon;
				CODE_SIGN_STYLE = Automatic;
				DEVELOPMENT_TEAM = CPMXN89Q4B;
				INFOPLIST_FILE = "Contact Listing/Info.plist";
				LD_RUNPATH_SEARCH_PATHS = (
					"$(inherited)",
					"@executable_path/Frameworks",
				);
				PRODUCT_BUNDLE_IDENTIFIER = "com.sherynntam.Contact-Listing";
				PRODUCT_NAME = "$(TARGET_NAME)";
				SWIFT_VERSION = 5.0;
				TARGETED_DEVICE_FAMILY = "1,2";
			};
			name = Debug;
		};
		B29455CF24BC89A3001E5AA8 /* Release */ = {
			isa = XCBuildConfiguration;
			buildSettings = {
				ASSETCATALOG_COMPILER_APPICON_NAME = AppIcon;
				CODE_SIGN_STYLE = Automatic;
				DEVELOPMENT_TEAM = CPMXN89Q4B;
				INFOPLIST_FILE = "Contact Listing/Info.plist";
				LD_RUNPATH_SEARCH_PATHS = (
					"$(inherited)",
					"@executable_path/Frameworks",
				);
				PRODUCT_BUNDLE_IDENTIFIER = "com.sherynntam.Contact-Listing";
				PRODUCT_NAME = "$(TARGET_NAME)";
				SWIFT_VERSION = 5.0;
				TARGETED_DEVICE_FAMILY = "1,2";
			};
			name = Release;
		};
/* End XCBuildConfiguration section */

/* Begin XCConfigurationList section */
		B29455B424BC89A1001E5AA8 /* Build configuration list for PBXProject "Contact Listing" */ = {
			isa = XCConfigurationList;
			buildConfigurations = (
				B29455CB24BC89A3001E5AA8 /* Debug */,
				B29455CC24BC89A3001E5AA8 /* Release */,
			);
			defaultConfigurationIsVisible = 0;
			defaultConfigurationName = Release;
		};
		B29455CD24BC89A3001E5AA8 /* Build configuration list for PBXNativeTarget "Contact Listing" */ = {
			isa = XCConfigurationList;
			buildConfigurations = (
				B29455CE24BC89A3001E5AA8 /* Debug */,
				B29455CF24BC89A3001E5AA8 /* Release */,
			);
			defaultConfigurationIsVisible = 0;
			defaultConfigurationName = Release;
		};
/* End XCConfigurationList section */
	};
	rootObject = B29455B124BC89A1001E5AA8 /* Project object */;
}
